PODS:
  - iQKit (0.8.2):
    - NFAllocInit (~> 1.0)
    - SVProgressHUD (~> 1.0)
    - TPKeyboardAvoiding (~> 1.0)
  - NFAllocInit (1.0.9)
  - SVProgressHUD (1.1.3)
  - SVWebViewController (1.0)
  - TPKeyboardAvoiding (1.2.6)

DEPENDENCIES:
  - iQKit (from `..`)
  - NFAllocInit (~> 1.0)
  - SVProgressHUD (~> 1.0)
  - SVWebViewController (~> 1.0)

EXTERNAL SOURCES:
  iQKit:
    :path: ..

SPEC CHECKSUMS:
  iQKit: 4d5206d2e0615d9b64f0e915b668c509b77fcef6
  NFAllocInit: ef7a8a8022d648bad86867b4aead9122a5d6054f
  SVProgressHUD: 748080e4f36e603f6c02aec292664239df5279c1
  SVWebViewController: c36dda7326e81fcae0abf5d02bf7bbf7e41be901
  TPKeyboardAvoiding: ee4dd35e3bb7bb64bfbda47e7cc9ba872ff10f77

COCOAPODS: 0.37.1
